
Microsoft Visual Studio Solution File, Format Version 12.00
# Visual Studio Version 16
VisualStudioVersion = 16.0.31205.134
MinimumVisualStudioVersion = 10.0.40219.1
Project("{FAE04EC0-301F-11D3-BF4B-00C04F79EFBC}") = "MailService", "MailService\MailService.csproj", "{4714A3D5-9503-4C65-A448-A94618E9397B}"
EndProject
Project("{FAE04EC0-301F-11D3-BF4B-00C04F79EFBC}") = "WebApp", "WebApp\WebApp.csproj", "{A1AABB93-B708-4780-A32E-502DB75C2620}"
EndProject
Global
	GlobalSection(SolutionConfigurationPlatforms) = preSolution
		Debug|Any CPU = Debug|Any CPU
		Release|Any CPU = Release|Any CPU
	EndGlobalSection
	GlobalSection(ProjectConfigurationPlatforms) = postSolution
		{4714A3D5-9503-4C65-A448-A94618E9397B}.Debug|Any CPU.ActiveCfg = Debug|Any CPU
		{4714A3D5-9503-4C65-A448-A94618E9397B}.Debug|Any CPU.Build.0 = Debug|Any CPU
		{4714A3D5-9503-4C65-A448-A94618E9397B}.Release|Any CPU.ActiveCfg = Release|Any CPU
		{4714A3D5-9503-4C65-A448-A94618E9397B}.Release|Any CPU.Build.0 = Release|Any CPU
		{A1AABB93-B708-4780-A32E-502DB75C2620}.Debug|Any CPU.ActiveCfg = Debug|Any CPU
		{A1AABB93-B708-4780-A32E-502DB75C2620}.Debug|Any CPU.Build.0 = Debug|Any CPU
		{A1AABB93-B708-4780-A32E-502DB75C2620}.Release|Any CPU.ActiveCfg = Release|Any CPU
		{A1AABB93-B708-4780-A32E-502DB75C2620}.Release|Any CPU.Build.0 = Release|Any CPU
	EndGlobalSection
	GlobalSection(SolutionProperties) = preSolution
		HideSolutionNode = FALSE
	EndGlobalSection
	GlobalSection(ExtensibilityGlobals) = postSolution
		SolutionGuid = {063BC03D-5B75-451C-AC82-89579BFB4EA4}
	EndGlobalSection
EndGlobal
